
Microsoft Visual Studio Solution File, Format Version 12.00
# Visual Studio Version 17
VisualStudioVersion = 17.0.31903.59
MinimumVisualStudioVersion = 10.0.40219.1
Project("{FAE04EC0-301F-11D3-BF4B-00C04F79EFBC}") = "tp_final_game_api", "tp_final_game_api\tp_final_game_api.csproj", "{B98CB17B-F93A-41E4-9B87-91049EFB44F1}"
EndProject
Global
	GlobalSection(SolutionConfigurationPlatforms) = preSolution
		Debug|Any CPU = Debug|Any CPU
		Release|Any CPU = Release|Any CPU
	EndGlobalSection
	GlobalSection(ProjectConfigurationPlatforms) = postSolution
		{B98CB17B-F93A-41E4-9B87-91049EFB44F1}.Debug|Any CPU.ActiveCfg = Debug|Any CPU
		{B98CB17B-F93A-41E4-9B87-91049EFB44F1}.Debug|Any CPU.Build.0 = Debug|Any CPU
		{B98CB17B-F93A-41E4-9B87-91049EFB44F1}.Release|Any CPU.ActiveCfg = Release|Any CPU
		{B98CB17B-F93A-41E4-9B87-91049EFB44F1}.Release|Any CPU.Build.0 = Release|Any CPU
	EndGlobalSection
	GlobalSection(SolutionProperties) = preSolution
		HideSolutionNode = FALSE
	EndGlobalSection
	GlobalSection(ExtensibilityGlobals) = postSolution
		SolutionGuid = {73764FAE-3154-44DC-BE90-51DEBB729DC3}
	EndGlobalSection
EndGlobal
